// !$*UTF8*$!
{
	archiveVersion = 1;
	classes = {
	};
	objectVersion = 51;
	objects = {

/* Begin PBXBuildFile section */
		0E198A01249769590023AF62 /* Post.swift in Sources */ = {isa = PBXBuildFile; fileRef = 0E198A00249769590023AF62 /* Post.swift */; };
		0E198A0524976F360023AF62 /* PostCell.swift in Sources */ = {isa = PBXBuildFile; fileRef = 0E198A0424976F360023AF62 /* PostCell.swift */; };
		0E198A432498566A0023AF62 /* ScaledHeightImageView.swift in Sources */ = {isa = PBXBuildFile; fileRef = 0E198A422498566A0023AF62 /* ScaledHeightImageView.swift */; };
		0E198A452498682C0023AF62 /* TabBarController.swift in Sources */ = {isa = PBXBuildFile; fileRef = 0E198A442498682C0023AF62 /* TabBarController.swift */; };
		0E198A4B249871510023AF62 /* ProfileViewController.swift in Sources */ = {isa = PBXBuildFile; fileRef = 0E198A4A249871510023AF62 /* ProfileViewController.swift */; };
		0E198A4D249871F80023AF62 /* LeaderboardsViewController.swift in Sources */ = {isa = PBXBuildFile; fileRef = 0E198A4C249871F80023AF62 /* LeaderboardsViewController.swift */; };
		0E198A4F249890E00023AF62 /* DetailedViewController.swift in Sources */ = {isa = PBXBuildFile; fileRef = 0E198A4E249890E00023AF62 /* DetailedViewController.swift */; };
		0E2C2C9624949D0A0001A54B /* Poppins-Regular.ttf in Resources */ = {isa = PBXBuildFile; fileRef = 0EC6EB8C2493D2BC00098180 /* Poppins-Regular.ttf */; };
		0E2C2C982494A2150001A54B /* SignUpViewController.swift in Sources */ = {isa = PBXBuildFile; fileRef = 0E2C2C972494A2150001A54B /* SignUpViewController.swift */; };
		0E2C2C9A2494DA500001A54B /* Constants.swift in Sources */ = {isa = PBXBuildFile; fileRef = 0E2C2C992494DA500001A54B /* Constants.swift */; };
		0E2C2C9E2494DAD30001A54B /* HomeViewController.swift in Sources */ = {isa = PBXBuildFile; fileRef = 0E2C2C9D2494DAD30001A54B /* HomeViewController.swift */; };
		0E3BB60E249C8C8E003C1997 /* Question.swift in Sources */ = {isa = PBXBuildFile; fileRef = 0E3BB60D249C8C8E003C1997 /* Question.swift */; };
		0EB738FE2493607F00F24E1F /* AppDelegate.swift in Sources */ = {isa = PBXBuildFile; fileRef = 0EB738FD2493607F00F24E1F /* AppDelegate.swift */; };
		0EB739002493607F00F24E1F /* SceneDelegate.swift in Sources */ = {isa = PBXBuildFile; fileRef = 0EB738FF2493607F00F24E1F /* SceneDelegate.swift */; };
		0EB739022493607F00F24E1F /* SignInViewController.swift in Sources */ = {isa = PBXBuildFile; fileRef = 0EB739012493607F00F24E1F /* SignInViewController.swift */; };
		0EB739072493607F00F24E1F /* Main.storyboard in Resources */ = {isa = PBXBuildFile; fileRef = 0EB739052493607F00F24E1F /* Main.storyboard */; };
		0EB739092493608100F24E1F /* Assets.xcassets in Resources */ = {isa = PBXBuildFile; fileRef = 0EB739082493608100F24E1F /* Assets.xcassets */; };
		0EB7390C2493608100F24E1F /* LaunchScreen.storyboard in Resources */ = {isa = PBXBuildFile; fileRef = 0EB7390A2493608100F24E1F /* LaunchScreen.storyboard */; };
		0EB739172493608100F24E1F /* OvertimeTests.swift in Sources */ = {isa = PBXBuildFile; fileRef = 0EB739162493608100F24E1F /* OvertimeTests.swift */; };
		0EB739222493608100F24E1F /* OvertimeUITests.swift in Sources */ = {isa = PBXBuildFile; fileRef = 0EB739212493608100F24E1F /* OvertimeUITests.swift */; };
		0EC48D122493BDD300868298 /* GoogleService-Info.plist in Resources */ = {isa = PBXBuildFile; fileRef = 0EC48D112493BDD300868298 /* GoogleService-Info.plist */; };
		0EC48D142493BDE600868298 /* Podfile in Resources */ = {isa = PBXBuildFile; fileRef = 0EC48D132493BDE600868298 /* Podfile */; };
		0EC6EB862493C72700098180 /* TabBarCustomizations.swift in Sources */ = {isa = PBXBuildFile; fileRef = 0EC6EB852493C72700098180 /* TabBarCustomizations.swift */; };
		0EC6EB9A2493D42200098180 /* Poppins-Black.ttf in Resources */ = {isa = PBXBuildFile; fileRef = 0EC6EB8F2493D2BD00098180 /* Poppins-Black.ttf */; };
		0EC6EB9B2493D42500098180 /* Poppins-BlackItalic.ttf in Resources */ = {isa = PBXBuildFile; fileRef = 0EC6EB952493D2BF00098180 /* Poppins-BlackItalic.ttf */; };
		0EC6EB9C2493D42700098180 /* Poppins-Bold.ttf in Resources */ = {isa = PBXBuildFile; fileRef = 0EC6EB8B2493D2BC00098180 /* Poppins-Bold.ttf */; };
		0EC6EB9D2493D42C00098180 /* Poppins-BoldItalic.ttf in Resources */ = {isa = PBXBuildFile; fileRef = 0EC6EB892493D2BB00098180 /* Poppins-BoldItalic.ttf */; };
		0EC6EB9E2493D43000098180 /* Poppins-ExtraBold.ttf in Resources */ = {isa = PBXBuildFile; fileRef = 0EC6EB962493D2BF00098180 /* Poppins-ExtraBold.ttf */; };
		0EC6EB9F2493D43200098180 /* Poppins-ExtraBoldItalic.ttf in Resources */ = {isa = PBXBuildFile; fileRef = 0EC6EB992493D2C000098180 /* Poppins-ExtraBoldItalic.ttf */; };
		0EC6EBA12493DB2500098180 /* Utilities.swift in Sources */ = {isa = PBXBuildFile; fileRef = 0EC6EBA02493DB2500098180 /* Utilities.swift */; };
		0EDC3EBC249E3FA300D9D528 /* User.swift in Sources */ = {isa = PBXBuildFile; fileRef = 0EDC3EBB249E3FA300D9D528 /* User.swift */; };
		0EDC3EC824A04CEC00D9D528 /* LeaderboardTableViewCell.swift in Sources */ = {isa = PBXBuildFile; fileRef = 0EDC3EC724A04CEC00D9D528 /* LeaderboardTableViewCell.swift */; };
		0EDC3ECA24A0592200D9D528 /* QuestionsViewController.swift in Sources */ = {isa = PBXBuildFile; fileRef = 0EDC3EC924A0592200D9D528 /* QuestionsViewController.swift */; };
		481BB82616206442AD0AF1F2 /* Pods_Overtime_OvertimeUITests.framework in Frameworks */ = {isa = PBXBuildFile; fileRef = 943CB0FFF89CBAF43C7B4FA1 /* Pods_Overtime_OvertimeUITests.framework */; };
		7114292D583C8EF2B51427C1 /* Pods_OvertimeTests.framework in Frameworks */ = {isa = PBXBuildFile; fileRef = 87E618429E787AF3C91A36E0 /* Pods_OvertimeTests.framework */; };
		AB4C22228ACEEE1C6D1FC36A /* Pods_Overtime.framework in Frameworks */ = {isa = PBXBuildFile; fileRef = 4331E84B07F8C65E9CC9443D /* Pods_Overtime.framework */; };
/* End PBXBuildFile section */

/* Begin PBXContainerItemProxy section */
		0EB739132493608100F24E1F /* PBXContainerItemProxy */ = {
			isa = PBXContainerItemProxy;
			containerPortal = 0EB738F22493607F00F24E1F /* Project object */;
			proxyType = 1;
			remoteGlobalIDString = 0EB738F92493607F00F24E1F;
			remoteInfo = Overtime;
		};
		0EB7391E2493608100F24E1F /* PBXContainerItemProxy */ = {
			isa = PBXContainerItemProxy;
			containerPortal = 0EB738F22493607F00F24E1F /* Project object */;
			proxyType = 1;
			remoteGlobalIDString = 0EB738F92493607F00F24E1F;
			remoteInfo = Overtime;
		};
/* End PBXContainerItemProxy section */

/* Begin PBXFileReference section */
		02B8FCBBB98C5B6CBAEB68B6 /* Pods-Overtime.debug.xcconfig */ = {isa = PBXFileReference; includeInIndex = 1; lastKnownFileType = text.xcconfig; name = "Pods-Overtime.debug.xcconfig"; path = "Target Support Files/Pods-Overtime/Pods-Overtime.debug.xcconfig"; sourceTree = "<group>"; };
		0A1DB4A42895C70F538E320C /* Pods-Overtime-OvertimeUITests.debug.xcconfig */ = {isa = PBXFileReference; includeInIndex = 1; lastKnownFileType = text.xcconfig; name = "Pods-Overtime-OvertimeUITests.debug.xcconfig"; path = "Target Support Files/Pods-Overtime-OvertimeUITests/Pods-Overtime-OvertimeUITests.debug.xcconfig"; sourceTree = "<group>"; };
		0E198A00249769590023AF62 /* Post.swift */ = {isa = PBXFileReference; lastKnownFileType = sourcecode.swift; path = Post.swift; sourceTree = "<group>"; };
		0E198A0424976F360023AF62 /* PostCell.swift */ = {isa = PBXFileReference; lastKnownFileType = sourcecode.swift; path = PostCell.swift; sourceTree = "<group>"; };
		0E198A422498566A0023AF62 /* ScaledHeightImageView.swift */ = {isa = PBXFileReference; lastKnownFileType = sourcecode.swift; path = ScaledHeightImageView.swift; sourceTree = "<group>"; };
		0E198A442498682C0023AF62 /* TabBarController.swift */ = {isa = PBXFileReference; lastKnownFileType = sourcecode.swift; path = TabBarController.swift; sourceTree = "<group>"; };
		0E198A4A249871510023AF62 /* ProfileViewController.swift */ = {isa = PBXFileReference; lastKnownFileType = sourcecode.swift; path = ProfileViewController.swift; sourceTree = "<group>"; };
		0E198A4C249871F80023AF62 /* LeaderboardsViewController.swift */ = {isa = PBXFileReference; lastKnownFileType = sourcecode.swift; path = LeaderboardsViewController.swift; sourceTree = SOURCE_ROOT; };
		0E198A4E249890E00023AF62 /* DetailedViewController.swift */ = {isa = PBXFileReference; lastKnownFileType = sourcecode.swift; path = DetailedViewController.swift; sourceTree = "<group>"; };
		0E2C2C972494A2150001A54B /* SignUpViewController.swift */ = {isa = PBXFileReference; lastKnownFileType = sourcecode.swift; path = SignUpViewController.swift; sourceTree = "<group>"; };
		0E2C2C992494DA500001A54B /* Constants.swift */ = {isa = PBXFileReference; lastKnownFileType = sourcecode.swift; path = Constants.swift; sourceTree = "<group>"; };
		0E2C2C9D2494DAD30001A54B /* HomeViewController.swift */ = {isa = PBXFileReference; lastKnownFileType = sourcecode.swift; path = HomeViewController.swift; sourceTree = "<group>"; };
		0E3BB60D249C8C8E003C1997 /* Question.swift */ = {isa = PBXFileReference; lastKnownFileType = sourcecode.swift; path = Question.swift; sourceTree = "<group>"; };
		0EB738FA2493607F00F24E1F /* Overtime.app */ = {isa = PBXFileReference; explicitFileType = wrapper.application; includeInIndex = 0; path = Overtime.app; sourceTree = BUILT_PRODUCTS_DIR; };
		0EB738FD2493607F00F24E1F /* AppDelegate.swift */ = {isa = PBXFileReference; lastKnownFileType = sourcecode.swift; path = AppDelegate.swift; sourceTree = "<group>"; };
		0EB738FF2493607F00F24E1F /* SceneDelegate.swift */ = {isa = PBXFileReference; lastKnownFileType = sourcecode.swift; path = SceneDelegate.swift; sourceTree = "<group>"; };
		0EB739012493607F00F24E1F /* SignInViewController.swift */ = {isa = PBXFileReference; lastKnownFileType = sourcecode.swift; path = SignInViewController.swift; sourceTree = "<group>"; };
		0EB739062493607F00F24E1F /* Base */ = {isa = PBXFileReference; lastKnownFileType = file.storyboard; name = Base; path = Base.lproj/Main.storyboard; sourceTree = "<group>"; };
		0EB739082493608100F24E1F /* Assets.xcassets */ = {isa = PBXFileReference; lastKnownFileType = folder.assetcatalog; path = Assets.xcassets; sourceTree = "<group>"; };
		0EB7390B2493608100F24E1F /* Base */ = {isa = PBXFileReference; lastKnownFileType = file.storyboard; name = Base; path = Base.lproj/LaunchScreen.storyboard; sourceTree = "<group>"; };
		0EB7390D2493608100F24E1F /* Info.plist */ = {isa = PBXFileReference; lastKnownFileType = text.plist.xml; path = Info.plist; sourceTree = "<group>"; };
		0EB739122493608100F24E1F /* OvertimeTests.xctest */ = {isa = PBXFileReference; explicitFileType = wrapper.cfbundle; includeInIndex = 0; path = OvertimeTests.xctest; sourceTree = BUILT_PRODUCTS_DIR; };
		0EB739162493608100F24E1F /* OvertimeTests.swift */ = {isa = PBXFileReference; lastKnownFileType = sourcecode.swift; path = OvertimeTests.swift; sourceTree = "<group>"; };
		0EB739182493608100F24E1F /* Info.plist */ = {isa = PBXFileReference; lastKnownFileType = text.plist.xml; path = Info.plist; sourceTree = "<group>"; };
		0EB7391D2493608100F24E1F /* OvertimeUITests.xctest */ = {isa = PBXFileReference; explicitFileType = wrapper.cfbundle; includeInIndex = 0; path = OvertimeUITests.xctest; sourceTree = BUILT_PRODUCTS_DIR; };
		0EB739212493608100F24E1F /* OvertimeUITests.swift */ = {isa = PBXFileReference; lastKnownFileType = sourcecode.swift; path = OvertimeUITests.swift; sourceTree = "<group>"; };
		0EB739232493608100F24E1F /* Info.plist */ = {isa = PBXFileReference; lastKnownFileType = text.plist.xml; path = Info.plist; sourceTree = "<group>"; };
		0EC48D112493BDD300868298 /* GoogleService-Info.plist */ = {isa = PBXFileReference; fileEncoding = 4; lastKnownFileType = text.plist.xml; path = "GoogleService-Info.plist"; sourceTree = "<group>"; };
		0EC48D132493BDE600868298 /* Podfile */ = {isa = PBXFileReference; fileEncoding = 4; lastKnownFileType = text; path = Podfile; sourceTree = "<group>"; xcLanguageSpecificationIdentifier = xcode.lang.ruby; };
		0EC6EB852493C72700098180 /* TabBarCustomizations.swift */ = {isa = PBXFileReference; lastKnownFileType = sourcecode.swift; path = TabBarCustomizations.swift; sourceTree = "<group>"; };
		0EC6EB882493D2BB00098180 /* Poppins-Italic.ttf */ = {isa = PBXFileReference; lastKnownFileType = file; path = "Poppins-Italic.ttf"; sourceTree = "<group>"; };
		0EC6EB892493D2BB00098180 /* Poppins-BoldItalic.ttf */ = {isa = PBXFileReference; lastKnownFileType = file; path = "Poppins-BoldItalic.ttf"; sourceTree = "<group>"; };
		0EC6EB8A2493D2BB00098180 /* Poppins-ExtraLightItalic.ttf */ = {isa = PBXFileReference; lastKnownFileType = file; path = "Poppins-ExtraLightItalic.ttf"; sourceTree = "<group>"; };
		0EC6EB8B2493D2BC00098180 /* Poppins-Bold.ttf */ = {isa = PBXFileReference; lastKnownFileType = file; path = "Poppins-Bold.ttf"; sourceTree = "<group>"; };
		0EC6EB8C2493D2BC00098180 /* Poppins-Regular.ttf */ = {isa = PBXFileReference; lastKnownFileType = file; path = "Poppins-Regular.ttf"; sourceTree = "<group>"; };
		0EC6EB8D2493D2BC00098180 /* Poppins-ThinItalic.ttf */ = {isa = PBXFileReference; lastKnownFileType = file; path = "Poppins-ThinItalic.ttf"; sourceTree = "<group>"; };
		0EC6EB8E2493D2BD00098180 /* Poppins-MediumItalic.ttf */ = {isa = PBXFileReference; lastKnownFileType = file; path = "Poppins-MediumItalic.ttf"; sourceTree = "<group>"; };
		0EC6EB8F2493D2BD00098180 /* Poppins-Black.ttf */ = {isa = PBXFileReference; lastKnownFileType = file; path = "Poppins-Black.ttf"; sourceTree = "<group>"; };
		0EC6EB902493D2BD00098180 /* Poppins-LightItalic.ttf */ = {isa = PBXFileReference; lastKnownFileType = file; path = "Poppins-LightItalic.ttf"; sourceTree = "<group>"; };
		0EC6EB912493D2BE00098180 /* Poppins-Medium.ttf */ = {isa = PBXFileReference; lastKnownFileType = file; path = "Poppins-Medium.ttf"; sourceTree = "<group>"; };
		0EC6EB922493D2BE00098180 /* Poppins-SemiBold.ttf */ = {isa = PBXFileReference; lastKnownFileType = file; path = "Poppins-SemiBold.ttf"; sourceTree = "<group>"; };
		0EC6EB932493D2BE00098180 /* Poppins-SemiBoldItalic.ttf */ = {isa = PBXFileReference; lastKnownFileType = file; path = "Poppins-SemiBoldItalic.ttf"; sourceTree = "<group>"; };
		0EC6EB942493D2BF00098180 /* Poppins-ExtraLight.ttf */ = {isa = PBXFileReference; lastKnownFileType = file; path = "Poppins-ExtraLight.ttf"; sourceTree = "<group>"; };
		0EC6EB952493D2BF00098180 /* Poppins-BlackItalic.ttf */ = {isa = PBXFileReference; lastKnownFileType = file; path = "Poppins-BlackItalic.ttf"; sourceTree = "<group>"; };
		0EC6EB962493D2BF00098180 /* Poppins-ExtraBold.ttf */ = {isa = PBXFileReference; lastKnownFileType = file; path = "Poppins-ExtraBold.ttf"; sourceTree = "<group>"; };
		0EC6EB972493D2C000098180 /* Poppins-Thin.ttf */ = {isa = PBXFileReference; lastKnownFileType = file; path = "Poppins-Thin.ttf"; sourceTree = "<group>"; };
		0EC6EB982493D2C000098180 /* Poppins-Light.ttf */ = {isa = PBXFileReference; lastKnownFileType = file; path = "Poppins-Light.ttf"; sourceTree = "<group>"; };
		0EC6EB992493D2C000098180 /* Poppins-ExtraBoldItalic.ttf */ = {isa = PBXFileReference; lastKnownFileType = file; path = "Poppins-ExtraBoldItalic.ttf"; sourceTree = "<group>"; };
		0EC6EBA02493DB2500098180 /* Utilities.swift */ = {isa = PBXFileReference; lastKnownFileType = sourcecode.swift; path = Utilities.swift; sourceTree = "<group>"; };
		0EDC3EBB249E3FA300D9D528 /* User.swift */ = {isa = PBXFileReference; lastKnownFileType = sourcecode.swift; path = User.swift; sourceTree = "<group>"; };
		0EDC3EC724A04CEC00D9D528 /* LeaderboardTableViewCell.swift */ = {isa = PBXFileReference; lastKnownFileType = sourcecode.swift; path = LeaderboardTableViewCell.swift; sourceTree = "<group>"; };
		0EDC3EC924A0592200D9D528 /* QuestionsViewController.swift */ = {isa = PBXFileReference; lastKnownFileType = sourcecode.swift; path = QuestionsViewController.swift; sourceTree = "<group>"; };
		1DAA219A9F83224FB731C827 /* Pods-Overtime-OvertimeUITests.release.xcconfig */ = {isa = PBXFileReference; includeInIndex = 1; lastKnownFileType = text.xcconfig; name = "Pods-Overtime-OvertimeUITests.release.xcconfig"; path = "Target Support Files/Pods-Overtime-OvertimeUITests/Pods-Overtime-OvertimeUITests.release.xcconfig"; sourceTree = "<group>"; };
		4331E84B07F8C65E9CC9443D /* Pods_Overtime.framework */ = {isa = PBXFileReference; explicitFileType = wrapper.framework; includeInIndex = 0; path = Pods_Overtime.framework; sourceTree = BUILT_PRODUCTS_DIR; };
		87E618429E787AF3C91A36E0 /* Pods_OvertimeTests.framework */ = {isa = PBXFileReference; explicitFileType = wrapper.framework; includeInIndex = 0; path = Pods_OvertimeTests.framework; sourceTree = BUILT_PRODUCTS_DIR; };
		943CB0FFF89CBAF43C7B4FA1 /* Pods_Overtime_OvertimeUITests.framework */ = {isa = PBXFileReference; explicitFileType = wrapper.framework; includeInIndex = 0; path = Pods_Overtime_OvertimeUITests.framework; sourceTree = BUILT_PRODUCTS_DIR; };
		DFA1A4602CD74E52AE72DE08 /* Pods-OvertimeTests.release.xcconfig */ = {isa = PBXFileReference; includeInIndex = 1; lastKnownFileType = text.xcconfig; name = "Pods-OvertimeTests.release.xcconfig"; path = "Target Support Files/Pods-OvertimeTests/Pods-OvertimeTests.release.xcconfig"; sourceTree = "<group>"; };
		E550C152EF433F12240502B0 /* Pods-Overtime.release.xcconfig */ = {isa = PBXFileReference; includeInIndex = 1; lastKnownFileType = text.xcconfig; name = "Pods-Overtime.release.xcconfig"; path = "Target Support Files/Pods-Overtime/Pods-Overtime.release.xcconfig"; sourceTree = "<group>"; };
		EB1B0A9AB51E322242B1C86B /* Pods-OvertimeTests.debug.xcconfig */ = {isa = PBXFileReference; includeInIndex = 1; lastKnownFileType = text.xcconfig; name = "Pods-OvertimeTests.debug.xcconfig"; path = "Target Support Files/Pods-OvertimeTests/Pods-OvertimeTests.debug.xcconfig"; sourceTree = "<group>"; };
/* End PBXFileReference section */

/* Begin PBXFrameworksBuildPhase section */
		0EB738F72493607F00F24E1F /* Frameworks */ = {
			isa = PBXFrameworksBuildPhase;
			buildActionMask = 2147483647;
			files = (
				AB4C22228ACEEE1C6D1FC36A /* Pods_Overtime.framework in Frameworks */,
			);
			runOnlyForDeploymentPostprocessing = 0;
		};
		0EB7390F2493608100F24E1F /* Frameworks */ = {
			isa = PBXFrameworksBuildPhase;
			buildActionMask = 2147483647;
			files = (
				7114292D583C8EF2B51427C1 /* Pods_OvertimeTests.framework in Frameworks */,
			);
			runOnlyForDeploymentPostprocessing = 0;
		};
		0EB7391A2493608100F24E1F /* Frameworks */ = {
			isa = PBXFrameworksBuildPhase;
			buildActionMask = 2147483647;
			files = (
				481BB82616206442AD0AF1F2 /* Pods_Overtime_OvertimeUITests.framework in Frameworks */,
			);
			runOnlyForDeploymentPostprocessing = 0;
		};
/* End PBXFrameworksBuildPhase section */

/* Begin PBXGroup section */
		0E198A48249870CA0023AF62 /* Misc */ = {
			isa = PBXGroup;
			children = (
				0EC6EB852493C72700098180 /* TabBarCustomizations.swift */,
				0E198A422498566A0023AF62 /* ScaledHeightImageView.swift */,
				0E2C2C992494DA500001A54B /* Constants.swift */,
				0EC6EBA02493DB2500098180 /* Utilities.swift */,
			);
			name = Misc;
			sourceTree = "<group>";
		};
		0E198A49249870F30023AF62 /* Viewcontrollers */ = {
			isa = PBXGroup;
			children = (
				0EDC3EC924A0592200D9D528 /* QuestionsViewController.swift */,
				0E198A4E249890E00023AF62 /* DetailedViewController.swift */,
				0E198A4C249871F80023AF62 /* LeaderboardsViewController.swift */,
				0E198A4A249871510023AF62 /* ProfileViewController.swift */,
				0E2C2C9D2494DAD30001A54B /* HomeViewController.swift */,
				0EB739012493607F00F24E1F /* SignInViewController.swift */,
				0E2C2C972494A2150001A54B /* SignUpViewController.swift */,
				0E198A442498682C0023AF62 /* TabBarController.swift */,
				0EDC3EC724A04CEC00D9D528 /* LeaderboardTableViewCell.swift */,
				0E198A0424976F360023AF62 /* PostCell.swift */,
			);
			name = Viewcontrollers;
			sourceTree = "<group>";
		};
		0E3BB60F249C8C9E003C1997 /* Models */ = {
			isa = PBXGroup;
			children = (
				0EDC3EBB249E3FA300D9D528 /* User.swift */,
				0E198A00249769590023AF62 /* Post.swift */,
				0E3BB60D249C8C8E003C1997 /* Question.swift */,
			);
			name = Models;
			sourceTree = "<group>";
		};
		0EB738F12493607F00F24E1F = {
			isa = PBXGroup;
			children = (
				0EC6EB872493D2B000098180 /* Fonts */,
				0EC48D132493BDE600868298 /* Podfile */,
				0EB738FC2493607F00F24E1F /* Overtime */,
				0EB739152493608100F24E1F /* OvertimeTests */,
				0EB739202493608100F24E1F /* OvertimeUITests */,
				0EB738FB2493607F00F24E1F /* Products */,
				23F7B971F31CC876DA4946BC /* Pods */,
				711EE898899C6C62BCC393CE /* Frameworks */,
			);
			sourceTree = "<group>";
		};
		0EB738FB2493607F00F24E1F /* Products */ = {
			isa = PBXGroup;
			children = (
				0EB738FA2493607F00F24E1F /* Overtime.app */,
				0EB739122493608100F24E1F /* OvertimeTests.xctest */,
				0EB7391D2493608100F24E1F /* OvertimeUITests.xctest */,
			);
			name = Products;
			sourceTree = "<group>";
		};
		0EB738FC2493607F00F24E1F /* Overtime */ = {
			isa = PBXGroup;
			children = (
				0EB739052493607F00F24E1F /* Main.storyboard */,
				0EB738FD2493607F00F24E1F /* AppDelegate.swift */,
				0EB738FF2493607F00F24E1F /* SceneDelegate.swift */,
				0E198A49249870F30023AF62 /* Viewcontrollers */,
				0E198A48249870CA0023AF62 /* Misc */,
				0E3BB60F249C8C9E003C1997 /* Models */,
				0EB739082493608100F24E1F /* Assets.xcassets */,
				0EB7390A2493608100F24E1F /* LaunchScreen.storyboard */,
				0EE014762494DD6F0047A259 /* Plists */,
			);
			path = Overtime;
			sourceTree = "<group>";
		};
		0EB739152493608100F24E1F /* OvertimeTests */ = {
			isa = PBXGroup;
			children = (
				0EB739162493608100F24E1F /* OvertimeTests.swift */,
				0EB739182493608100F24E1F /* Info.plist */,
			);
			path = OvertimeTests;
			sourceTree = "<group>";
		};
		0EB739202493608100F24E1F /* OvertimeUITests */ = {
			isa = PBXGroup;
			children = (
				0EB739212493608100F24E1F /* OvertimeUITests.swift */,
				0EB739232493608100F24E1F /* Info.plist */,
			);
			path = OvertimeUITests;
			sourceTree = "<group>";
		};
		0EC6EB872493D2B000098180 /* Fonts */ = {
			isa = PBXGroup;
			children = (
				0EC6EB8F2493D2BD00098180 /* Poppins-Black.ttf */,
				0EC6EB952493D2BF00098180 /* Poppins-BlackItalic.ttf */,
				0EC6EB8B2493D2BC00098180 /* Poppins-Bold.ttf */,
				0EC6EB892493D2BB00098180 /* Poppins-BoldItalic.ttf */,
				0EC6EB962493D2BF00098180 /* Poppins-ExtraBold.ttf */,
				0EC6EB992493D2C000098180 /* Poppins-ExtraBoldItalic.ttf */,
				0EC6EB942493D2BF00098180 /* Poppins-ExtraLight.ttf */,
				0EC6EB8A2493D2BB00098180 /* Poppins-ExtraLightItalic.ttf */,
				0EC6EB882493D2BB00098180 /* Poppins-Italic.ttf */,
				0EC6EB982493D2C000098180 /* Poppins-Light.ttf */,
				0EC6EB902493D2BD00098180 /* Poppins-LightItalic.ttf */,
				0EC6EB912493D2BE00098180 /* Poppins-Medium.ttf */,
				0EC6EB8E2493D2BD00098180 /* Poppins-MediumItalic.ttf */,
				0EC6EB8C2493D2BC00098180 /* Poppins-Regular.ttf */,
				0EC6EB922493D2BE00098180 /* Poppins-SemiBold.ttf */,
				0EC6EB932493D2BE00098180 /* Poppins-SemiBoldItalic.ttf */,
				0EC6EB972493D2C000098180 /* Poppins-Thin.ttf */,
				0EC6EB8D2493D2BC00098180 /* Poppins-ThinItalic.ttf */,
			);
			path = Fonts;
			sourceTree = "<group>";
		};
		0EE014762494DD6F0047A259 /* Plists */ = {
			isa = PBXGroup;
			children = (
				0EC48D112493BDD300868298 /* GoogleService-Info.plist */,
				0EB7390D2493608100F24E1F /* Info.plist */,
			);
			name = Plists;
			sourceTree = "<group>";
		};
		23F7B971F31CC876DA4946BC /* Pods */ = {
			isa = PBXGroup;
			children = (
				02B8FCBBB98C5B6CBAEB68B6 /* Pods-Overtime.debug.xcconfig */,
				E550C152EF433F12240502B0 /* Pods-Overtime.release.xcconfig */,
				0A1DB4A42895C70F538E320C /* Pods-Overtime-OvertimeUITests.debug.xcconfig */,
				1DAA219A9F83224FB731C827 /* Pods-Overtime-OvertimeUITests.release.xcconfig */,
				EB1B0A9AB51E322242B1C86B /* Pods-OvertimeTests.debug.xcconfig */,
				DFA1A4602CD74E52AE72DE08 /* Pods-OvertimeTests.release.xcconfig */,
			);
			path = Pods;
			sourceTree = "<group>";
		};
		711EE898899C6C62BCC393CE /* Frameworks */ = {
			isa = PBXGroup;
			children = (
				4331E84B07F8C65E9CC9443D /* Pods_Overtime.framework */,
				943CB0FFF89CBAF43C7B4FA1 /* Pods_Overtime_OvertimeUITests.framework */,
				87E618429E787AF3C91A36E0 /* Pods_OvertimeTests.framework */,
			);
			name = Frameworks;
			sourceTree = "<group>";
		};
/* End PBXGroup section */

/* Begin PBXNativeTarget section */
		0EB738F92493607F00F24E1F /* Overtime */ = {
			isa = PBXNativeTarget;
			buildConfigurationList = 0EB739262493608100F24E1F /* Build configuration list for PBXNativeTarget "Overtime" */;
			buildPhases = (
				7032E60D44A0BCAF6913BA28 /* [CP] Check Pods Manifest.lock */,
				0EB738F62493607F00F24E1F /* Sources */,
				0EB738F72493607F00F24E1F /* Frameworks */,
				0EB738F82493607F00F24E1F /* Resources */,
				505E6939B8108DEAE0948034 /* [CP] Embed Pods Frameworks */,
			);
			buildRules = (
			);
			dependencies = (
			);
			name = Overtime;
			productName = Overtime;
			productReference = 0EB738FA2493607F00F24E1F /* Overtime.app */;
			productType = "com.apple.product-type.application";
		};
		0EB739112493608100F24E1F /* OvertimeTests */ = {
			isa = PBXNativeTarget;
			buildConfigurationList = 0EB739292493608100F24E1F /* Build configuration list for PBXNativeTarget "OvertimeTests" */;
			buildPhases = (
				4C6CBAA8CF153D34490CD3B0 /* [CP] Check Pods Manifest.lock */,
				0EB7390E2493608100F24E1F /* Sources */,
				0EB7390F2493608100F24E1F /* Frameworks */,
				0EB739102493608100F24E1F /* Resources */,
			);
			buildRules = (
			);
			dependencies = (
				0EB739142493608100F24E1F /* PBXTargetDependency */,
			);
			name = OvertimeTests;
			productName = OvertimeTests;
			productReference = 0EB739122493608100F24E1F /* OvertimeTests.xctest */;
			productType = "com.apple.product-type.bundle.unit-test";
		};
		0EB7391C2493608100F24E1F /* OvertimeUITests */ = {
			isa = PBXNativeTarget;
			buildConfigurationList = 0EB7392C2493608100F24E1F /* Build configuration list for PBXNativeTarget "OvertimeUITests" */;
			buildPhases = (
				DEB3F99D673871AD7599174D /* [CP] Check Pods Manifest.lock */,
				0EB739192493608100F24E1F /* Sources */,
				0EB7391A2493608100F24E1F /* Frameworks */,
				0EB7391B2493608100F24E1F /* Resources */,
				3D45CE7986783C5E827DCBEB /* [CP] Embed Pods Frameworks */,
			);
			buildRules = (
			);
			dependencies = (
				0EB7391F2493608100F24E1F /* PBXTargetDependency */,
			);
			name = OvertimeUITests;
			productName = OvertimeUITests;
			productReference = 0EB7391D2493608100F24E1F /* OvertimeUITests.xctest */;
			productType = "com.apple.product-type.bundle.ui-testing";
		};
/* End PBXNativeTarget section */

/* Begin PBXProject section */
		0EB738F22493607F00F24E1F /* Project object */ = {
			isa = PBXProject;
			attributes = {
				LastSwiftUpdateCheck = 1150;
				LastUpgradeCheck = 1150;
				ORGANIZATIONNAME = "Yue Fung Lee";
				TargetAttributes = {
					0EB738F92493607F00F24E1F = {
						CreatedOnToolsVersion = 11.5;
					};
					0EB739112493608100F24E1F = {
						CreatedOnToolsVersion = 11.5;
						TestTargetID = 0EB738F92493607F00F24E1F;
					};
					0EB7391C2493608100F24E1F = {
						CreatedOnToolsVersion = 11.5;
						TestTargetID = 0EB738F92493607F00F24E1F;
					};
				};
			};
			buildConfigurationList = 0EB738F52493607F00F24E1F /* Build configuration list for PBXProject "Overtime" */;
			compatibilityVersion = "Xcode 9.3";
			developmentRegion = en;
			hasScannedForEncodings = 0;
			knownRegions = (
				en,
				Base,
			);
			mainGroup = 0EB738F12493607F00F24E1F;
			productRefGroup = 0EB738FB2493607F00F24E1F /* Products */;
			projectDirPath = "";
			projectRoot = "";
			targets = (
				0EB738F92493607F00F24E1F /* Overtime */,
				0EB739112493608100F24E1F /* OvertimeTests */,
				0EB7391C2493608100F24E1F /* OvertimeUITests */,
			);
		};
/* End PBXProject section */

/* Begin PBXResourcesBuildPhase section */
		0EB738F82493607F00F24E1F /* Resources */ = {
			isa = PBXResourcesBuildPhase;
			buildActionMask = 2147483647;
			files = (
				0EC6EB9D2493D42C00098180 /* Poppins-BoldItalic.ttf in Resources */,
				0EC6EB9A2493D42200098180 /* Poppins-Black.ttf in Resources */,
				0EC6EB9B2493D42500098180 /* Poppins-BlackItalic.ttf in Resources */,
				0E2C2C9624949D0A0001A54B /* Poppins-Regular.ttf in Resources */,
				0EC48D142493BDE600868298 /* Podfile in Resources */,
				0EC6EB9C2493D42700098180 /* Poppins-Bold.ttf in Resources */,
				0EB7390C2493608100F24E1F /* LaunchScreen.storyboard in Resources */,
				0EC6EB9F2493D43200098180 /* Poppins-ExtraBoldItalic.ttf in Resources */,
				0EC6EB9E2493D43000098180 /* Poppins-ExtraBold.ttf in Resources */,
				0EC48D122493BDD300868298 /* GoogleService-Info.plist in Resources */,
				0EB739092493608100F24E1F /* Assets.xcassets in Resources */,
				0EB739072493607F00F24E1F /* Main.storyboard in Resources */,
			);
			runOnlyForDeploymentPostprocessing = 0;
		};
		0EB739102493608100F24E1F /* Resources */ = {
			isa = PBXResourcesBuildPhase;
			buildActionMask = 2147483647;
			files = (
			);
			runOnlyForDeploymentPostprocessing = 0;
		};
		0EB7391B2493608100F24E1F /* Resources */ = {
			isa = PBXResourcesBuildPhase;
			buildActionMask = 2147483647;
			files = (
			);
			runOnlyForDeploymentPostprocessing = 0;
		};
/* End PBXResourcesBuildPhase section */

/* Begin PBXShellScriptBuildPhase section */
		3D45CE7986783C5E827DCBEB /* [CP] Embed Pods Frameworks */ = {
			isa = PBXShellScriptBuildPhase;
			buildActionMask = 2147483647;
			files = (
			);
			inputFileListPaths = (
				"${PODS_ROOT}/Target Support Files/Pods-Overtime-OvertimeUITests/Pods-Overtime-OvertimeUITests-frameworks-${CONFIGURATION}-input-files.xcfilelist",
			);
			name = "[CP] Embed Pods Frameworks";
			outputFileListPaths = (
				"${PODS_ROOT}/Target Support Files/Pods-Overtime-OvertimeUITests/Pods-Overtime-OvertimeUITests-frameworks-${CONFIGURATION}-output-files.xcfilelist",
			);
			runOnlyForDeploymentPostprocessing = 0;
			shellPath = /bin/sh;
			shellScript = "\"${PODS_ROOT}/Target Support Files/Pods-Overtime-OvertimeUITests/Pods-Overtime-OvertimeUITests-frameworks.sh\"\n";
			showEnvVarsInLog = 0;
		};
		4C6CBAA8CF153D34490CD3B0 /* [CP] Check Pods Manifest.lock */ = {
			isa = PBXShellScriptBuildPhase;
			buildActionMask = 2147483647;
			files = (
			);
			inputFileListPaths = (
			);
			inputPaths = (
				"${PODS_PODFILE_DIR_PATH}/Podfile.lock",
				"${PODS_ROOT}/Manifest.lock",
			);
			name = "[CP] Check Pods Manifest.lock";
			outputFileListPaths = (
			);
			outputPaths = (
				"$(DERIVED_FILE_DIR)/Pods-OvertimeTests-checkManifestLockResult.txt",
			);
			runOnlyForDeploymentPostprocessing = 0;
			shellPath = /bin/sh;
			shellScript = "diff \"${PODS_PODFILE_DIR_PATH}/Podfile.lock\" \"${PODS_ROOT}/Manifest.lock\" > /dev/null\nif [ $? != 0 ] ; then\n    # print error to STDERR\n    echo \"error: The sandbox is not in sync with the Podfile.lock. Run 'pod install' or update your CocoaPods installation.\" >&2\n    exit 1\nfi\n# This output is used by Xcode 'outputs' to avoid re-running this script phase.\necho \"SUCCESS\" > \"${SCRIPT_OUTPUT_FILE_0}\"\n";
			showEnvVarsInLog = 0;
		};
		505E6939B8108DEAE0948034 /* [CP] Embed Pods Frameworks */ = {
			isa = PBXShellScriptBuildPhase;
			buildActionMask = 2147483647;
			files = (
			);
			inputFileListPaths = (
				"${PODS_ROOT}/Target Support Files/Pods-Overtime/Pods-Overtime-frameworks-${CONFIGURATION}-input-files.xcfilelist",
			);
			name = "[CP] Embed Pods Frameworks";
			outputFileListPaths = (
				"${PODS_ROOT}/Target Support Files/Pods-Overtime/Pods-Overtime-frameworks-${CONFIGURATION}-output-files.xcfilelist",
			);
			runOnlyForDeploymentPostprocessing = 0;
			shellPath = /bin/sh;
			shellScript = "\"${PODS_ROOT}/Target Support Files/Pods-Overtime/Pods-Overtime-frameworks.sh\"\n";
			showEnvVarsInLog = 0;
		};
		7032E60D44A0BCAF6913BA28 /* [CP] Check Pods Manifest.lock */ = {
			isa = PBXShellScriptBuildPhase;
			buildActionMask = 2147483647;
			files = (
			);
			inputFileListPaths = (
			);
			inputPaths = (
				"${PODS_PODFILE_DIR_PATH}/Podfile.lock",
				"${PODS_ROOT}/Manifest.lock",
			);
			name = "[CP] Check Pods Manifest.lock";
			outputFileListPaths = (
			);
			outputPaths = (
				"$(DERIVED_FILE_DIR)/Pods-Overtime-checkManifestLockResult.txt",
			);
			runOnlyForDeploymentPostprocessing = 0;
			shellPath = /bin/sh;
			shellScript = "diff \"${PODS_PODFILE_DIR_PATH}/Podfile.lock\" \"${PODS_ROOT}/Manifest.lock\" > /dev/null\nif [ $? != 0 ] ; then\n    # print error to STDERR\n    echo \"error: The sandbox is not in sync with the Podfile.lock. Run 'pod install' or update your CocoaPods installation.\" >&2\n    exit 1\nfi\n# This output is used by Xcode 'outputs' to avoid re-running this script phase.\necho \"SUCCESS\" > \"${SCRIPT_OUTPUT_FILE_0}\"\n";
			showEnvVarsInLog = 0;
		};
		DEB3F99D673871AD7599174D /* [CP] Check Pods Manifest.lock */ = {
			isa = PBXShellScriptBuildPhase;
			buildActionMask = 2147483647;
			files = (
			);
			inputFileListPaths = (
			);
			inputPaths = (
				"${PODS_PODFILE_DIR_PATH}/Podfile.lock",
				"${PODS_ROOT}/Manifest.lock",
			);
			name = "[CP] Check Pods Manifest.lock";
			outputFileListPaths = (
			);
			outputPaths = (
				"$(DERIVED_FILE_DIR)/Pods-Overtime-OvertimeUITests-checkManifestLockResult.txt",
			);
			runOnlyForDeploymentPostprocessing = 0;
			shellPath = /bin/sh;
			shellScript = "diff \"${PODS_PODFILE_DIR_PATH}/Podfile.lock\" \"${PODS_ROOT}/Manifest.lock\" > /dev/null\nif [ $? != 0 ] ; then\n    # print error to STDERR\n    echo \"error: The sandbox is not in sync with the Podfile.lock. Run 'pod install' or update your CocoaPods installation.\" >&2\n    exit 1\nfi\n# This output is used by Xcode 'outputs' to avoid re-running this script phase.\necho \"SUCCESS\" > \"${SCRIPT_OUTPUT_FILE_0}\"\n";
			showEnvVarsInLog = 0;
		};
/* End PBXShellScriptBuildPhase section */

/* Begin PBXSourcesBuildPhase section */
		0EB738F62493607F00F24E1F /* Sources */ = {
			isa = PBXSourcesBuildPhase;
			buildActionMask = 2147483647;
			files = (
				0EDC3EC824A04CEC00D9D528 /* LeaderboardTableViewCell.swift in Sources */,
				0E198A4D249871F80023AF62 /* LeaderboardsViewController.swift in Sources */,
				0EC6EBA12493DB2500098180 /* Utilities.swift in Sources */,
				0E198A4F249890E00023AF62 /* DetailedViewController.swift in Sources */,
				0E3BB60E249C8C8E003C1997 /* Question.swift in Sources */,
				0E198A432498566A0023AF62 /* ScaledHeightImageView.swift in Sources */,
				0EDC3ECA24A0592200D9D528 /* QuestionsViewController.swift in Sources */,
				0E2C2C982494A2150001A54B /* SignUpViewController.swift in Sources */,
				0EB739022493607F00F24E1F /* SignInViewController.swift in Sources */,
				0E198A4B249871510023AF62 /* ProfileViewController.swift in Sources */,
				0E2C2C9E2494DAD30001A54B /* HomeViewController.swift in Sources */,
				0EB738FE2493607F00F24E1F /* AppDelegate.swift in Sources */,
				0EC6EB862493C72700098180 /* TabBarCustomizations.swift in Sources */,
				0EB739002493607F00F24E1F /* SceneDelegate.swift in Sources */,
				0E198A0524976F360023AF62 /* PostCell.swift in Sources */,
				0E198A452498682C0023AF62 /* TabBarController.swift in Sources */,
				0EDC3EBC249E3FA300D9D528 /* User.swift in Sources */,
				0E2C2C9A2494DA500001A54B /* Constants.swift in Sources */,
				0E198A01249769590023AF62 /* Post.swift in Sources */,
			);
			runOnlyForDeploymentPostprocessing = 0;
		};
		0EB7390E2493608100F24E1F /* Sources */ = {
			isa = PBXSourcesBuildPhase;
			buildActionMask = 2147483647;
			files = (
				0EB739172493608100F24E1F /* OvertimeTests.swift in Sources */,
			);
			runOnlyForDeploymentPostprocessing = 0;
		};
		0EB739192493608100F24E1F /* Sources */ = {
			isa = PBXSourcesBuildPhase;
			buildActionMask = 2147483647;
			files = (
				0EB739222493608100F24E1F /* OvertimeUITests.swift in Sources */,
			);
			runOnlyForDeploymentPostprocessing = 0;
		};
/* End PBXSourcesBuildPhase section */

/* Begin PBXTargetDependency section */
		0EB739142493608100F24E1F /* PBXTargetDependency */ = {
			isa = PBXTargetDependency;
			target = 0EB738F92493607F00F24E1F /* Overtime */;
			targetProxy = 0EB739132493608100F24E1F /* PBXContainerItemProxy */;
		};
		0EB7391F2493608100F24E1F /* PBXTargetDependency */ = {
			isa = PBXTargetDependency;
			target = 0EB738F92493607F00F24E1F /* Overtime */;
			targetProxy = 0EB7391E2493608100F24E1F /* PBXContainerItemProxy */;
		};
/* End PBXTargetDependency section */

/* Begin PBXVariantGroup section */
		0EB739052493607F00F24E1F /* Main.storyboard */ = {
			isa = PBXVariantGroup;
			children = (
				0EB739062493607F00F24E1F /* Base */,
			);
			name = Main.storyboard;
			sourceTree = "<group>";
		};
		0EB7390A2493608100F24E1F /* LaunchScreen.storyboard */ = {
			isa = PBXVariantGroup;
			children = (
				0EB7390B2493608100F24E1F /* Base */,
			);
			name = LaunchScreen.storyboard;
			sourceTree = "<group>";
		};
/* End PBXVariantGroup section */

/* Begin XCBuildConfiguration section */
		0EB739242493608100F24E1F /* Debug */ = {
			isa = XCBuildConfiguration;
			buildSettings = {
				ALWAYS_SEARCH_USER_PATHS = NO;
				CLANG_ANALYZER_NONNULL = YES;
				CLANG_ANALYZER_NUMBER_OBJECT_CONVERSION = YES_AGGRESSIVE;
				CLANG_CXX_LANGUAGE_STANDARD = "gnu++14";
				CLANG_CXX_LIBRARY = "libc++";
				CLANG_ENABLE_MODULES = YES;
				CLANG_ENABLE_OBJC_ARC = YES;
				CLANG_ENABLE_OBJC_WEAK = YES;
				CLANG_WARN_BLOCK_CAPTURE_AUTORELEASING = YES;
				CLANG_WARN_BOOL_CONVERSION = YES;
				CLANG_WARN_COMMA = YES;
				CLANG_WARN_CONSTANT_CONVERSION = YES;
				CLANG_WARN_DEPRECATED_OBJC_IMPLEMENTATIONS = YES;
				CLANG_WARN_DIRECT_OBJC_ISA_USAGE = YES_ERROR;
				CLANG_WARN_DOCUMENTATION_COMMENTS = YES;
				CLANG_WARN_EMPTY_BODY = YES;
				CLANG_WARN_ENUM_CONVERSION = YES;
				CLANG_WARN_INFINITE_RECURSION = YES;
				CLANG_WARN_INT_CONVERSION = YES;
				CLANG_WARN_NON_LITERAL_NULL_CONVERSION = YES;
				CLANG_WARN_OBJC_IMPLICIT_RETAIN_SELF = YES;
				CLANG_WARN_OBJC_LITERAL_CONVERSION = YES;
				CLANG_WARN_OBJC_ROOT_CLASS = YES_ERROR;
				CLANG_WARN_RANGE_LOOP_ANALYSIS = YES;
				CLANG_WARN_STRICT_PROTOTYPES = YES;
				CLANG_WARN_SUSPICIOUS_MOVE = YES;
				CLANG_WARN_UNGUARDED_AVAILABILITY = YES_AGGRESSIVE;
				CLANG_WARN_UNREACHABLE_CODE = YES;
				CLANG_WARN__DUPLICATE_METHOD_MATCH = YES;
				COPY_PHASE_STRIP = NO;
				DEBUG_INFORMATION_FORMAT = dwarf;
				ENABLE_STRICT_OBJC_MSGSEND = YES;
				ENABLE_TESTABILITY = YES;
				GCC_C_LANGUAGE_STANDARD = gnu11;
				GCC_DYNAMIC_NO_PIC = NO;
				GCC_NO_COMMON_BLOCKS = YES;
				GCC_OPTIMIZATION_LEVEL = 0;
				GCC_PREPROCESSOR_DEFINITIONS = (
					"DEBUG=1",
					"$(inherited)",
				);
				GCC_WARN_64_TO_32_BIT_CONVERSION = YES;
				GCC_WARN_ABOUT_RETURN_TYPE = YES_ERROR;
				GCC_WARN_UNDECLARED_SELECTOR = YES;
				GCC_WARN_UNINITIALIZED_AUTOS = YES_AGGRESSIVE;
				GCC_WARN_UNUSED_FUNCTION = YES;
				GCC_WARN_UNUSED_VARIABLE = YES;
				IPHONEOS_DEPLOYMENT_TARGET = 13.5;
				MTL_ENABLE_DEBUG_INFO = INCLUDE_SOURCE;
				MTL_FAST_MATH = YES;
				ONLY_ACTIVE_ARCH = YES;
				SDKROOT = iphoneos;
				SWIFT_ACTIVE_COMPILATION_CONDITIONS = DEBUG;
				SWIFT_OPTIMIZATION_LEVEL = "-Onone";
			};
			name = Debug;
		};
		0EB739252493608100F24E1F /* Release */ = {
			isa = XCBuildConfiguration;
			buildSettings = {
				ALWAYS_SEARCH_USER_PATHS = NO;
				CLANG_ANALYZER_NONNULL = YES;
				CLANG_ANALYZER_NUMBER_OBJECT_CONVERSION = YES_AGGRESSIVE;
				CLANG_CXX_LANGUAGE_STANDARD = "gnu++14";
				CLANG_CXX_LIBRARY = "libc++";
				CLANG_ENABLE_MODULES = YES;
				CLANG_ENABLE_OBJC_ARC = YES;
				CLANG_ENABLE_OBJC_WEAK = YES;
				CLANG_WARN_BLOCK_CAPTURE_AUTORELEASING = YES;
				CLANG_WARN_BOOL_CONVERSION = YES;
				CLANG_WARN_COMMA = YES;
				CLANG_WARN_CONSTANT_CONVERSION = YES;
				CLANG_WARN_DEPRECATED_OBJC_IMPLEMENTATIONS = YES;
				CLANG_WARN_DIRECT_OBJC_ISA_USAGE = YES_ERROR;
				CLANG_WARN_DOCUMENTATION_COMMENTS = YES;
				CLANG_WARN_EMPTY_BODY = YES;
				CLANG_WARN_ENUM_CONVERSION = YES;
				CLANG_WARN_INFINITE_RECURSION = YES;
				CLANG_WARN_INT_CONVERSION = YES;
				CLANG_WARN_NON_LITERAL_NULL_CONVERSION = YES;
				CLANG_WARN_OBJC_IMPLICIT_RETAIN_SELF = YES;
				CLANG_WARN_OBJC_LITERAL_CONVERSION = YES;
				CLANG_WARN_OBJC_ROOT_CLASS = YES_ERROR;
				CLANG_WARN_RANGE_LOOP_ANALYSIS = YES;
				CLANG_WARN_STRICT_PROTOTYPES = YES;
				CLANG_WARN_SUSPICIOUS_MOVE = YES;
				CLANG_WARN_UNGUARDED_AVAILABILITY = YES_AGGRESSIVE;
				CLANG_WARN_UNREACHABLE_CODE = YES;
				CLANG_WARN__DUPLICATE_METHOD_MATCH = YES;
				COPY_PHASE_STRIP = NO;
				DEBUG_INFORMATION_FORMAT = "dwarf-with-dsym";
				ENABLE_NS_ASSERTIONS = NO;
				ENABLE_STRICT_OBJC_MSGSEND = YES;
				GCC_C_LANGUAGE_STANDARD = gnu11;
				GCC_NO_COMMON_BLOCKS = YES;
				GCC_WARN_64_TO_32_BIT_CONVERSION = YES;
				GCC_WARN_ABOUT_RETURN_TYPE = YES_ERROR;
				GCC_WARN_UNDECLARED_SELECTOR = YES;
				GCC_WARN_UNINITIALIZED_AUTOS = YES_AGGRESSIVE;
				GCC_WARN_UNUSED_FUNCTION = YES;
				GCC_WARN_UNUSED_VARIABLE = YES;
				IPHONEOS_DEPLOYMENT_TARGET = 13.5;
				MTL_ENABLE_DEBUG_INFO = NO;
				MTL_FAST_MATH = YES;
				SDKROOT = iphoneos;
				SWIFT_COMPILATION_MODE = wholemodule;
				SWIFT_OPTIMIZATION_LEVEL = "-O";
				VALIDATE_PRODUCT = YES;
			};
			name = Release;
		};
		0EB739272493608100F24E1F /* Debug */ = {
			isa = XCBuildConfiguration;
			baseConfigurationReference = 02B8FCBBB98C5B6CBAEB68B6 /* Pods-Overtime.debug.xcconfig */;
			buildSettings = {
				ASSETCATALOG_COMPILER_APPICON_NAME = AppIcon;
				CODE_SIGN_STYLE = Automatic;
				DEVELOPMENT_TEAM = 28HBU7HFJG;
				INFOPLIST_FILE = Overtime/Info.plist;
				LD_RUNPATH_SEARCH_PATHS = (
					"$(inherited)",
					"@executable_path/Frameworks",
				);
				PRODUCT_BUNDLE_IDENTIFIER = yuefunglee.Overtime;
				PRODUCT_NAME = "$(TARGET_NAME)";
				SWIFT_VERSION = 5.0;
				TARGETED_DEVICE_FAMILY = "1,2";
			};
			name = Debug;
		};
		0EB739282493608100F24E1F /* Release */ = {
			isa = XCBuildConfiguration;
			baseConfigurationReference = E550C152EF433F12240502B0 /* Pods-Overtime.release.xcconfig */;
			buildSettings = {
				ASSETCATALOG_COMPILER_APPICON_NAME = AppIcon;
				CODE_SIGN_STYLE = Automatic;
				DEVELOPMENT_TEAM = 28HBU7HFJG;
				INFOPLIST_FILE = Overtime/Info.plist;
				LD_RUNPATH_SEARCH_PATHS = (
					"$(inherited)",
					"@executable_path/Frameworks",
				);
				PRODUCT_BUNDLE_IDENTIFIER = yuefunglee.Overtime;
				PRODUCT_NAME = "$(TARGET_NAME)";
				SWIFT_VERSION = 5.0;
				TARGETED_DEVICE_FAMILY = "1,2";
			};
			name = Release;
		};
		0EB7392A2493608100F24E1F /* Debug */ = {
			isa = XCBuildConfiguration;
			baseConfigurationReference = EB1B0A9AB51E322242B1C86B /* Pods-OvertimeTests.debug.xcconfig */;
			buildSettings = {
				ALWAYS_EMBED_SWIFT_STANDARD_LIBRARIES = YES;
				BUNDLE_LOADER = "$(TEST_HOST)";
				CODE_SIGN_STYLE = Automatic;
				DEVELOPMENT_TEAM = 28HBU7HFJG;
				INFOPLIST_FILE = OvertimeTests/Info.plist;
				IPHONEOS_DEPLOYMENT_TARGET = 13.5;
				LD_RUNPATH_SEARCH_PATHS = (
					"$(inherited)",
					"@executable_path/Frameworks",
					"@loader_path/Frameworks",
				);
				PRODUCT_BUNDLE_IDENTIFIER = yuefunglee.OvertimeTests;
				PRODUCT_NAME = "$(TARGET_NAME)";
				SWIFT_VERSION = 5.0;
				TARGETED_DEVICE_FAMILY = "1,2";
				TEST_HOST = "$(BUILT_PRODUCTS_DIR)/Overtime.app/Overtime";
			};
			name = Debug;
		};
		0EB7392B2493608100F24E1F /* Release */ = {
			isa = XCBuildConfiguration;
			baseConfigurationReference = DFA1A4602CD74E52AE72DE08 /* Pods-OvertimeTests.release.xcconfig */;
			buildSettings = {
				ALWAYS_EMBED_SWIFT_STANDARD_LIBRARIES = YES;
				BUNDLE_LOADER = "$(TEST_HOST)";
				CODE_SIGN_STYLE = Automatic;
				DEVELOPMENT_TEAM = 28HBU7HFJG;
				INFOPLIST_FILE = OvertimeTests/Info.plist;
				IPHONEOS_DEPLOYMENT_TARGET = 13.5;
				LD_RUNPATH_SEARCH_PATHS = (
					"$(inherited)",
					"@executable_path/Frameworks",
					"@loader_path/Frameworks",
				);
				PRODUCT_BUNDLE_IDENTIFIER = yuefunglee.OvertimeTests;
				PRODUCT_NAME = "$(TARGET_NAME)";
				SWIFT_VERSION = 5.0;
				TARGETED_DEVICE_FAMILY = "1,2";
				TEST_HOST = "$(BUILT_PRODUCTS_DIR)/Overtime.app/Overtime";
			};
			name = Release;
		};
		0EB7392D2493608100F24E1F /* Debug */ = {
			isa = XCBuildConfiguration;
			baseConfigurationReference = 0A1DB4A42895C70F538E320C /* Pods-Overtime-OvertimeUITests.debug.xcconfig */;
			buildSettings = {
				ALWAYS_EMBED_SWIFT_STANDARD_LIBRARIES = YES;
				CODE_SIGN_STYLE = Automatic;
				DEVELOPMENT_TEAM = 28HBU7HFJG;
				INFOPLIST_FILE = OvertimeUITests/Info.plist;
				LD_RUNPATH_SEARCH_PATHS = (
					"$(inherited)",
					"@executable_path/Frameworks",
					"@loader_path/Frameworks",
				);
				PRODUCT_BUNDLE_IDENTIFIER = yuefunglee.OvertimeUITests;
				PRODUCT_NAME = "$(TARGET_NAME)";
				SWIFT_VERSION = 5.0;
				TARGETED_DEVICE_FAMILY = "1,2";
				TEST_TARGET_NAME = Overtime;
			};
			name = Debug;
		};
		0EB7392E2493608100F24E1F /* Release */ = {
			isa = XCBuildConfiguration;
			baseConfigurationReference = 1DAA219A9F83224FB731C827 /* Pods-Overtime-OvertimeUITests.release.xcconfig */;
			buildSettings = {
				ALWAYS_EMBED_SWIFT_STANDARD_LIBRARIES = YES;
				CODE_SIGN_STYLE = Automatic;
				DEVELOPMENT_TEAM = 28HBU7HFJG;
				INFOPLIST_FILE = OvertimeUITests/Info.plist;
				LD_RUNPATH_SEARCH_PATHS = (
					"$(inherited)",
					"@executable_path/Frameworks",
					"@loader_path/Frameworks",
				);
				PRODUCT_BUNDLE_IDENTIFIER = yuefunglee.OvertimeUITests;
				PRODUCT_NAME = "$(TARGET_NAME)";
				SWIFT_VERSION = 5.0;
				TARGETED_DEVICE_FAMILY = "1,2";
				TEST_TARGET_NAME = Overtime;
			};
			name = Release;
		};
/* End XCBuildConfiguration section */

/* Begin XCConfigurationList section */
		0EB738F52493607F00F24E1F /* Build configuration list for PBXProject "Overtime" */ = {
			isa = XCConfigurationList;
			buildConfigurations = (
				0EB739242493608100F24E1F /* Debug */,
				0EB739252493608100F24E1F /* Release */,
			);
			defaultConfigurationIsVisible = 0;
			defaultConfigurationName = Release;
		};
		0EB739262493608100F24E1F /* Build configuration list for PBXNativeTarget "Overtime" */ = {
			isa = XCConfigurationList;
			buildConfigurations = (
				0EB739272493608100F24E1F /* Debug */,
				0EB739282493608100F24E1F /* Release */,
			);
			defaultConfigurationIsVisible = 0;
			defaultConfigurationName = Release;
		};
		0EB739292493608100F24E1F /* Build configuration list for PBXNativeTarget "OvertimeTests" */ = {
			isa = XCConfigurationList;
			buildConfigurations = (
				0EB7392A2493608100F24E1F /* Debug */,
				0EB7392B2493608100F24E1F /* Release */,
			);
			defaultConfigurationIsVisible = 0;
			defaultConfigurationName = Release;
		};
		0EB7392C2493608100F24E1F /* Build configuration list for PBXNativeTarget "OvertimeUITests" */ = {
			isa = XCConfigurationList;
			buildConfigurations = (
				0EB7392D2493608100F24E1F /* Debug */,
				0EB7392E2493608100F24E1F /* Release */,
			);
			defaultConfigurationIsVisible = 0;
			defaultConfigurationName = Release;
		};
/* End XCConfigurationList section */
	};
	rootObject = 0EB738F22493607F00F24E1F /* Project object */;
}
