// !$*UTF8*$!
{
	archiveVersion = 1;
	classes = {
	};
	objectVersion = 50;
	objects = {

/* Begin PBXBuildFile section */
		0EB738FE2493607F00F24E1F /* AppDelegate.swift in Sources */ = {isa = PBXBuildFile; fileRef = 0EB738FD2493607F00F24E1F /* AppDelegate.swift */; };
		0EB739002493607F00F24E1F /* SceneDelegate.swift in Sources */ = {isa = PBXBuildFile; fileRef = 0EB738FF2493607F00F24E1F /* SceneDelegate.swift */; };
		0EB739022493607F00F24E1F /* FirstViewController.swift in Sources */ = {isa = PBXBuildFile; fileRef = 0EB739012493607F00F24E1F /* FirstViewController.swift */; };
		0EB739042493607F00F24E1F /* SecondViewController.swift in Sources */ = {isa = PBXBuildFile; fileRef = 0EB739032493607F00F24E1F /* SecondViewController.swift */; };
		0EB739072493607F00F24E1F /* Main.storyboard in Resources */ = {isa = PBXBuildFile; fileRef = 0EB739052493607F00F24E1F /* Main.storyboard */; };
		0EB739092493608100F24E1F /* Assets.xcassets in Resources */ = {isa = PBXBuildFile; fileRef = 0EB739082493608100F24E1F /* Assets.xcassets */; };
		0EB7390C2493608100F24E1F /* LaunchScreen.storyboard in Resources */ = {isa = PBXBuildFile; fileRef = 0EB7390A2493608100F24E1F /* LaunchScreen.storyboard */; };
		0EB739172493608100F24E1F /* OvertimeTests.swift in Sources */ = {isa = PBXBuildFile; fileRef = 0EB739162493608100F24E1F /* OvertimeTests.swift */; };
		0EB739222493608100F24E1F /* OvertimeUITests.swift in Sources */ = {isa = PBXBuildFile; fileRef = 0EB739212493608100F24E1F /* OvertimeUITests.swift */; };
/* End PBXBuildFile section */

/* Begin PBXContainerItemProxy section */
		0EB739132493608100F24E1F /* PBXContainerItemProxy */ = {
			isa = PBXContainerItemProxy;
			containerPortal = 0EB738F22493607F00F24E1F /* Project object */;
			proxyType = 1;
			remoteGlobalIDString = 0EB738F92493607F00F24E1F;
			remoteInfo = Overtime;
		};
		0EB7391E2493608100F24E1F /* PBXContainerItemProxy */ = {
			isa = PBXContainerItemProxy;
			containerPortal = 0EB738F22493607F00F24E1F /* Project object */;
			proxyType = 1;
			remoteGlobalIDString = 0EB738F92493607F00F24E1F;
			remoteInfo = Overtime;
		};
/* End PBXContainerItemProxy section */

/* Begin PBXFileReference section */
		0EB738FA2493607F00F24E1F /* Overtime.app */ = {isa = PBXFileReference; explicitFileType = wrapper.application; includeInIndex = 0; path = Overtime.app; sourceTree = BUILT_PRODUCTS_DIR; };
		0EB738FD2493607F00F24E1F /* AppDelegate.swift */ = {isa = PBXFileReference; lastKnownFileType = sourcecode.swift; path = AppDelegate.swift; sourceTree = "<group>"; };
		0EB738FF2493607F00F24E1F /* SceneDelegate.swift */ = {isa = PBXFileReference; lastKnownFileType = sourcecode.swift; path = SceneDelegate.swift; sourceTree = "<group>"; };
		0EB739012493607F00F24E1F /* FirstViewController.swift */ = {isa = PBXFileReference; lastKnownFileType = sourcecode.swift; path = FirstViewController.swift; sourceTree = "<group>"; };
		0EB739032493607F00F24E1F /* SecondViewController.swift */ = {isa = PBXFileReference; lastKnownFileType = sourcecode.swift; path = SecondViewController.swift; sourceTree = "<group>"; };
		0EB739062493607F00F24E1F /* Base */ = {isa = PBXFileReference; lastKnownFileType = file.storyboard; name = Base; path = Base.lproj/Main.storyboard; sourceTree = "<group>"; };
		0EB739082493608100F24E1F /* Assets.xcassets */ = {isa = PBXFileReference; lastKnownFileType = folder.assetcatalog; path = Assets.xcassets; sourceTree = "<group>"; };
		0EB7390B2493608100F24E1F /* Base */ = {isa = PBXFileReference; lastKnownFileType = file.storyboard; name = Base; path = Base.lproj/LaunchScreen.storyboard; sourceTree = "<group>"; };
		0EB7390D2493608100F24E1F /* Info.plist */ = {isa = PBXFileReference; lastKnownFileType = text.plist.xml; path = Info.plist; sourceTree = "<group>"; };
		0EB739122493608100F24E1F /* OvertimeTests.xctest */ = {isa = PBXFileReference; explicitFileType = wrapper.cfbundle; includeInIndex = 0; path = OvertimeTests.xctest; sourceTree = BUILT_PRODUCTS_DIR; };
		0EB739162493608100F24E1F /* OvertimeTests.swift */ = {isa = PBXFileReference; lastKnownFileType = sourcecode.swift; path = OvertimeTests.swift; sourceTree = "<group>"; };
		0EB739182493608100F24E1F /* Info.plist */ = {isa = PBXFileReference; lastKnownFileType = text.plist.xml; path = Info.plist; sourceTree = "<group>"; };
		0EB7391D2493608100F24E1F /* OvertimeUITests.xctest */ = {isa = PBXFileReference; explicitFileType = wrapper.cfbundle; includeInIndex = 0; path = OvertimeUITests.xctest; sourceTree = BUILT_PRODUCTS_DIR; };
		0EB739212493608100F24E1F /* OvertimeUITests.swift */ = {isa = PBXFileReference; lastKnownFileType = sourcecode.swift; path = OvertimeUITests.swift; sourceTree = "<group>"; };
		0EB739232493608100F24E1F /* Info.plist */ = {isa = PBXFileReference; lastKnownFileType = text.plist.xml; path = Info.plist; sourceTree = "<group>"; };
/* End PBXFileReference section */

/* Begin PBXFrameworksBuildPhase section */
		0EB738F72493607F00F24E1F /* Frameworks */ = {
			isa = PBXFrameworksBuildPhase;
			buildActionMask = 2147483647;
			files = (
			);
			runOnlyForDeploymentPostprocessing = 0;
		};
		0EB7390F2493608100F24E1F /* Frameworks */ = {
			isa = PBXFrameworksBuildPhase;
			buildActionMask = 2147483647;
			files = (
			);
			runOnlyForDeploymentPostprocessing = 0;
		};
		0EB7391A2493608100F24E1F /* Frameworks */ = {
			isa = PBXFrameworksBuildPhase;
			buildActionMask = 2147483647;
			files = (
			);
			runOnlyForDeploymentPostprocessing = 0;
		};
/* End PBXFrameworksBuildPhase section */

/* Begin PBXGroup section */
		0EB738F12493607F00F24E1F = {
			isa = PBXGroup;
			children = (
				0EB738FC2493607F00F24E1F /* Overtime */,
				0EB739152493608100F24E1F /* OvertimeTests */,
				0EB739202493608100F24E1F /* OvertimeUITests */,
				0EB738FB2493607F00F24E1F /* Products */,
			);
			sourceTree = "<group>";
		};
		0EB738FB2493607F00F24E1F /* Products */ = {
			isa = PBXGroup;
			children = (
				0EB738FA2493607F00F24E1F /* Overtime.app */,
				0EB739122493608100F24E1F /* OvertimeTests.xctest */,
				0EB7391D2493608100F24E1F /* OvertimeUITests.xctest */,
			);
			name = Products;
			sourceTree = "<group>";
		};
		0EB738FC2493607F00F24E1F /* Overtime */ = {
			isa = PBXGroup;
			children = (
				0EB738FD2493607F00F24E1F /* AppDelegate.swift */,
				0EB738FF2493607F00F24E1F /* SceneDelegate.swift */,
				0EB739012493607F00F24E1F /* FirstViewController.swift */,
				0EB739032493607F00F24E1F /* SecondViewController.swift */,
				0EB739052493607F00F24E1F /* Main.storyboard */,
				0EB739082493608100F24E1F /* Assets.xcassets */,
				0EB7390A2493608100F24E1F /* LaunchScreen.storyboard */,
				0EB7390D2493608100F24E1F /* Info.plist */,
			);
			path = Overtime;
			sourceTree = "<group>";
		};
		0EB739152493608100F24E1F /* OvertimeTests */ = {
			isa = PBXGroup;
			children = (
				0EB739162493608100F24E1F /* OvertimeTests.swift */,
				0EB739182493608100F24E1F /* Info.plist */,
			);
			path = OvertimeTests;
			sourceTree = "<group>";
		};
		0EB739202493608100F24E1F /* OvertimeUITests */ = {
			isa = PBXGroup;
			children = (
				0EB739212493608100F24E1F /* OvertimeUITests.swift */,
				0EB739232493608100F24E1F /* Info.plist */,
			);
			path = OvertimeUITests;
			sourceTree = "<group>";
		};
/* End PBXGroup section */

/* Begin PBXNativeTarget section */
		0EB738F92493607F00F24E1F /* Overtime */ = {
			isa = PBXNativeTarget;
			buildConfigurationList = 0EB739262493608100F24E1F /* Build configuration list for PBXNativeTarget "Overtime" */;
			buildPhases = (
				0EB738F62493607F00F24E1F /* Sources */,
				0EB738F72493607F00F24E1F /* Frameworks */,
				0EB738F82493607F00F24E1F /* Resources */,
			);
			buildRules = (
			);
			dependencies = (
			);
			name = Overtime;
			productName = Overtime;
			productReference = 0EB738FA2493607F00F24E1F /* Overtime.app */;
			productType = "com.apple.product-type.application";
		};
		0EB739112493608100F24E1F /* OvertimeTests */ = {
			isa = PBXNativeTarget;
			buildConfigurationList = 0EB739292493608100F24E1F /* Build configuration list for PBXNativeTarget "OvertimeTests" */;
			buildPhases = (
				0EB7390E2493608100F24E1F /* Sources */,
				0EB7390F2493608100F24E1F /* Frameworks */,
				0EB739102493608100F24E1F /* Resources */,
			);
			buildRules = (
			);
			dependencies = (
				0EB739142493608100F24E1F /* PBXTargetDependency */,
			);
			name = OvertimeTests;
			productName = OvertimeTests;
			productReference = 0EB739122493608100F24E1F /* OvertimeTests.xctest */;
			productType = "com.apple.product-type.bundle.unit-test";
		};
		0EB7391C2493608100F24E1F /* OvertimeUITests */ = {
			isa = PBXNativeTarget;
			buildConfigurationList = 0EB7392C2493608100F24E1F /* Build configuration list for PBXNativeTarget "OvertimeUITests" */;
			buildPhases = (
				0EB739192493608100F24E1F /* Sources */,
				0EB7391A2493608100F24E1F /* Frameworks */,
				0EB7391B2493608100F24E1F /* Resources */,
			);
			buildRules = (
			);
			dependencies = (
				0EB7391F2493608100F24E1F /* PBXTargetDependency */,
			);
			name = OvertimeUITests;
			productName = OvertimeUITests;
			productReference = 0EB7391D2493608100F24E1F /* OvertimeUITests.xctest */;
			productType = "com.apple.product-type.bundle.ui-testing";
		};
/* End PBXNativeTarget section */

/* Begin PBXProject section */
		0EB738F22493607F00F24E1F /* Project object */ = {
			isa = PBXProject;
			attributes = {
				LastSwiftUpdateCheck = 1150;
				LastUpgradeCheck = 1150;
				ORGANIZATIONNAME = "Yue Fung Lee";
				TargetAttributes = {
					0EB738F92493607F00F24E1F = {
						CreatedOnToolsVersion = 11.5;
					};
					0EB739112493608100F24E1F = {
						CreatedOnToolsVersion = 11.5;
						TestTargetID = 0EB738F92493607F00F24E1F;
					};
					0EB7391C2493608100F24E1F = {
						CreatedOnToolsVersion = 11.5;
						TestTargetID = 0EB738F92493607F00F24E1F;
					};
				};
			};
			buildConfigurationList = 0EB738F52493607F00F24E1F /* Build configuration list for PBXProject "Overtime" */;
			compatibilityVersion = "Xcode 9.3";
			developmentRegion = en;
			hasScannedForEncodings = 0;
			knownRegions = (
				en,
				Base,
			);
			mainGroup = 0EB738F12493607F00F24E1F;
			productRefGroup = 0EB738FB2493607F00F24E1F /* Products */;
			projectDirPath = "";
			projectRoot = "";
			targets = (
				0EB738F92493607F00F24E1F /* Overtime */,
				0EB739112493608100F24E1F /* OvertimeTests */,
				0EB7391C2493608100F24E1F /* OvertimeUITests */,
			);
		};
/* End PBXProject section */

/* Begin PBXResourcesBuildPhase section */
		0EB738F82493607F00F24E1F /* Resources */ = {
			isa = PBXResourcesBuildPhase;
			buildActionMask = 2147483647;
			files = (
				0EB7390C2493608100F24E1F /* LaunchScreen.storyboard in Resources */,
				0EB739092493608100F24E1F /* Assets.xcassets in Resources */,
				0EB739072493607F00F24E1F /* Main.storyboard in Resources */,
			);
			runOnlyForDeploymentPostprocessing = 0;
		};
		0EB739102493608100F24E1F /* Resources */ = {
			isa = PBXResourcesBuildPhase;
			buildActionMask = 2147483647;
			files = (
			);
			runOnlyForDeploymentPostprocessing = 0;
		};
		0EB7391B2493608100F24E1F /* Resources */ = {
			isa = PBXResourcesBuildPhase;
			buildActionMask = 2147483647;
			files = (
			);
			runOnlyForDeploymentPostprocessing = 0;
		};
/* End PBXResourcesBuildPhase section */

/* Begin PBXSourcesBuildPhase section */
		0EB738F62493607F00F24E1F /* Sources */ = {
			isa = PBXSourcesBuildPhase;
			buildActionMask = 2147483647;
			files = (
				0EB739042493607F00F24E1F /* SecondViewController.swift in Sources */,
				0EB739022493607F00F24E1F /* FirstViewController.swift in Sources */,
				0EB738FE2493607F00F24E1F /* AppDelegate.swift in Sources */,
				0EB739002493607F00F24E1F /* SceneDelegate.swift in Sources */,
			);
			runOnlyForDeploymentPostprocessing = 0;
		};
		0EB7390E2493608100F24E1F /* Sources */ = {
			isa = PBXSourcesBuildPhase;
			buildActionMask = 2147483647;
			files = (
				0EB739172493608100F24E1F /* OvertimeTests.swift in Sources */,
			);
			runOnlyForDeploymentPostprocessing = 0;
		};
		0EB739192493608100F24E1F /* Sources */ = {
			isa = PBXSourcesBuildPhase;
			buildActionMask = 2147483647;
			files = (
				0EB739222493608100F24E1F /* OvertimeUITests.swift in Sources */,
			);
			runOnlyForDeploymentPostprocessing = 0;
		};
/* End PBXSourcesBuildPhase section */

/* Begin PBXTargetDependency section */
		0EB739142493608100F24E1F /* PBXTargetDependency */ = {
			isa = PBXTargetDependency;
			target = 0EB738F92493607F00F24E1F /* Overtime */;
			targetProxy = 0EB739132493608100F24E1F /* PBXContainerItemProxy */;
		};
		0EB7391F2493608100F24E1F /* PBXTargetDependency */ = {
			isa = PBXTargetDependency;
			target = 0EB738F92493607F00F24E1F /* Overtime */;
			targetProxy = 0EB7391E2493608100F24E1F /* PBXContainerItemProxy */;
		};
/* End PBXTargetDependency section */

/* Begin PBXVariantGroup section */
		0EB739052493607F00F24E1F /* Main.storyboard */ = {
			isa = PBXVariantGroup;
			children = (
				0EB739062493607F00F24E1F /* Base */,
			);
			name = Main.storyboard;
			sourceTree = "<group>";
		};
		0EB7390A2493608100F24E1F /* LaunchScreen.storyboard */ = {
			isa = PBXVariantGroup;
			children = (
				0EB7390B2493608100F24E1F /* Base */,
			);
			name = LaunchScreen.storyboard;
			sourceTree = "<group>";
		};
/* End PBXVariantGroup section */

/* Begin XCBuildConfiguration section */
		0EB739242493608100F24E1F /* Debug */ = {
			isa = XCBuildConfiguration;
			buildSettings = {
				ALWAYS_SEARCH_USER_PATHS = NO;
				CLANG_ANALYZER_NONNULL = YES;
				CLANG_ANALYZER_NUMBER_OBJECT_CONVERSION = YES_AGGRESSIVE;
				CLANG_CXX_LANGUAGE_STANDARD = "gnu++14";
				CLANG_CXX_LIBRARY = "libc++";
				CLANG_ENABLE_MODULES = YES;
				CLANG_ENABLE_OBJC_ARC = YES;
				CLANG_ENABLE_OBJC_WEAK = YES;
				CLANG_WARN_BLOCK_CAPTURE_AUTORELEASING = YES;
				CLANG_WARN_BOOL_CONVERSION = YES;
				CLANG_WARN_COMMA = YES;
				CLANG_WARN_CONSTANT_CONVERSION = YES;
				CLANG_WARN_DEPRECATED_OBJC_IMPLEMENTATIONS = YES;
				CLANG_WARN_DIRECT_OBJC_ISA_USAGE = YES_ERROR;
				CLANG_WARN_DOCUMENTATION_COMMENTS = YES;
				CLANG_WARN_EMPTY_BODY = YES;
				CLANG_WARN_ENUM_CONVERSION = YES;
				CLANG_WARN_INFINITE_RECURSION = YES;
				CLANG_WARN_INT_CONVERSION = YES;
				CLANG_WARN_NON_LITERAL_NULL_CONVERSION = YES;
				CLANG_WARN_OBJC_IMPLICIT_RETAIN_SELF = YES;
				CLANG_WARN_OBJC_LITERAL_CONVERSION = YES;
				CLANG_WARN_OBJC_ROOT_CLASS = YES_ERROR;
				CLANG_WARN_RANGE_LOOP_ANALYSIS = YES;
				CLANG_WARN_STRICT_PROTOTYPES = YES;
				CLANG_WARN_SUSPICIOUS_MOVE = YES;
				CLANG_WARN_UNGUARDED_AVAILABILITY = YES_AGGRESSIVE;
				CLANG_WARN_UNREACHABLE_CODE = YES;
				CLANG_WARN__DUPLICATE_METHOD_MATCH = YES;
				COPY_PHASE_STRIP = NO;
				DEBUG_INFORMATION_FORMAT = dwarf;
				ENABLE_STRICT_OBJC_MSGSEND = YES;
				ENABLE_TESTABILITY = YES;
				GCC_C_LANGUAGE_STANDARD = gnu11;
				GCC_DYNAMIC_NO_PIC = NO;
				GCC_NO_COMMON_BLOCKS = YES;
				GCC_OPTIMIZATION_LEVEL = 0;
				GCC_PREPROCESSOR_DEFINITIONS = (
					"DEBUG=1",
					"$(inherited)",
				);
				GCC_WARN_64_TO_32_BIT_CONVERSION = YES;
				GCC_WARN_ABOUT_RETURN_TYPE = YES_ERROR;
				GCC_WARN_UNDECLARED_SELECTOR = YES;
				GCC_WARN_UNINITIALIZED_AUTOS = YES_AGGRESSIVE;
				GCC_WARN_UNUSED_FUNCTION = YES;
				GCC_WARN_UNUSED_VARIABLE = YES;
				IPHONEOS_DEPLOYMENT_TARGET = 13.5;
				MTL_ENABLE_DEBUG_INFO = INCLUDE_SOURCE;
				MTL_FAST_MATH = YES;
				ONLY_ACTIVE_ARCH = YES;
				SDKROOT = iphoneos;
				SWIFT_ACTIVE_COMPILATION_CONDITIONS = DEBUG;
				SWIFT_OPTIMIZATION_LEVEL = "-Onone";
			};
			name = Debug;
		};
		0EB739252493608100F24E1F /* Release */ = {
			isa = XCBuildConfiguration;
			buildSettings = {
				ALWAYS_SEARCH_USER_PATHS = NO;
				CLANG_ANALYZER_NONNULL = YES;
				CLANG_ANALYZER_NUMBER_OBJECT_CONVERSION = YES_AGGRESSIVE;
				CLANG_CXX_LANGUAGE_STANDARD = "gnu++14";
				CLANG_CXX_LIBRARY = "libc++";
				CLANG_ENABLE_MODULES = YES;
				CLANG_ENABLE_OBJC_ARC = YES;
				CLANG_ENABLE_OBJC_WEAK = YES;
				CLANG_WARN_BLOCK_CAPTURE_AUTORELEASING = YES;
				CLANG_WARN_BOOL_CONVERSION = YES;
				CLANG_WARN_COMMA = YES;
				CLANG_WARN_CONSTANT_CONVERSION = YES;
				CLANG_WARN_DEPRECATED_OBJC_IMPLEMENTATIONS = YES;
				CLANG_WARN_DIRECT_OBJC_ISA_USAGE = YES_ERROR;
				CLANG_WARN_DOCUMENTATION_COMMENTS = YES;
				CLANG_WARN_EMPTY_BODY = YES;
				CLANG_WARN_ENUM_CONVERSION = YES;
				CLANG_WARN_INFINITE_RECURSION = YES;
				CLANG_WARN_INT_CONVERSION = YES;
				CLANG_WARN_NON_LITERAL_NULL_CONVERSION = YES;
				CLANG_WARN_OBJC_IMPLICIT_RETAIN_SELF = YES;
				CLANG_WARN_OBJC_LITERAL_CONVERSION = YES;
				CLANG_WARN_OBJC_ROOT_CLASS = YES_ERROR;
				CLANG_WARN_RANGE_LOOP_ANALYSIS = YES;
				CLANG_WARN_STRICT_PROTOTYPES = YES;
				CLANG_WARN_SUSPICIOUS_MOVE = YES;
				CLANG_WARN_UNGUARDED_AVAILABILITY = YES_AGGRESSIVE;
				CLANG_WARN_UNREACHABLE_CODE = YES;
				CLANG_WARN__DUPLICATE_METHOD_MATCH = YES;
				COPY_PHASE_STRIP = NO;
				DEBUG_INFORMATION_FORMAT = "dwarf-with-dsym";
				ENABLE_NS_ASSERTIONS = NO;
				ENABLE_STRICT_OBJC_MSGSEND = YES;
				GCC_C_LANGUAGE_STANDARD = gnu11;
				GCC_NO_COMMON_BLOCKS = YES;
				GCC_WARN_64_TO_32_BIT_CONVERSION = YES;
				GCC_WARN_ABOUT_RETURN_TYPE = YES_ERROR;
				GCC_WARN_UNDECLARED_SELECTOR = YES;
				GCC_WARN_UNINITIALIZED_AUTOS = YES_AGGRESSIVE;
				GCC_WARN_UNUSED_FUNCTION = YES;
				GCC_WARN_UNUSED_VARIABLE = YES;
				IPHONEOS_DEPLOYMENT_TARGET = 13.5;
				MTL_ENABLE_DEBUG_INFO = NO;
				MTL_FAST_MATH = YES;
				SDKROOT = iphoneos;
				SWIFT_COMPILATION_MODE = wholemodule;
				SWIFT_OPTIMIZATION_LEVEL = "-O";
				VALIDATE_PRODUCT = YES;
			};
			name = Release;
		};
		0EB739272493608100F24E1F /* Debug */ = {
			isa = XCBuildConfiguration;
			buildSettings = {
				ASSETCATALOG_COMPILER_APPICON_NAME = AppIcon;
				CODE_SIGN_STYLE = Automatic;
				DEVELOPMENT_TEAM = 28HBU7HFJG;
				INFOPLIST_FILE = Overtime/Info.plist;
				LD_RUNPATH_SEARCH_PATHS = (
					"$(inherited)",
					"@executable_path/Frameworks",
				);
				PRODUCT_BUNDLE_IDENTIFIER = yuefunglee.Overtime;
				PRODUCT_NAME = "$(TARGET_NAME)";
				SWIFT_VERSION = 5.0;
				TARGETED_DEVICE_FAMILY = "1,2";
			};
			name = Debug;
		};
		0EB739282493608100F24E1F /* Release */ = {
			isa = XCBuildConfiguration;
			buildSettings = {
				ASSETCATALOG_COMPILER_APPICON_NAME = AppIcon;
				CODE_SIGN_STYLE = Automatic;
				DEVELOPMENT_TEAM = 28HBU7HFJG;
				INFOPLIST_FILE = Overtime/Info.plist;
				LD_RUNPATH_SEARCH_PATHS = (
					"$(inherited)",
					"@executable_path/Frameworks",
				);
				PRODUCT_BUNDLE_IDENTIFIER = yuefunglee.Overtime;
				PRODUCT_NAME = "$(TARGET_NAME)";
				SWIFT_VERSION = 5.0;
				TARGETED_DEVICE_FAMILY = "1,2";
			};
			name = Release;
		};
		0EB7392A2493608100F24E1F /* Debug */ = {
			isa = XCBuildConfiguration;
			buildSettings = {
				ALWAYS_EMBED_SWIFT_STANDARD_LIBRARIES = YES;
				BUNDLE_LOADER = "$(TEST_HOST)";
				CODE_SIGN_STYLE = Automatic;
				DEVELOPMENT_TEAM = 28HBU7HFJG;
				INFOPLIST_FILE = OvertimeTests/Info.plist;
				IPHONEOS_DEPLOYMENT_TARGET = 13.5;
				LD_RUNPATH_SEARCH_PATHS = (
					"$(inherited)",
					"@executable_path/Frameworks",
					"@loader_path/Frameworks",
				);
				PRODUCT_BUNDLE_IDENTIFIER = yuefunglee.OvertimeTests;
				PRODUCT_NAME = "$(TARGET_NAME)";
				SWIFT_VERSION = 5.0;
				TARGETED_DEVICE_FAMILY = "1,2";
				TEST_HOST = "$(BUILT_PRODUCTS_DIR)/Overtime.app/Overtime";
			};
			name = Debug;
		};
		0EB7392B2493608100F24E1F /* Release */ = {
			isa = XCBuildConfiguration;
			buildSettings = {
				ALWAYS_EMBED_SWIFT_STANDARD_LIBRARIES = YES;
				BUNDLE_LOADER = "$(TEST_HOST)";
				CODE_SIGN_STYLE = Automatic;
				DEVELOPMENT_TEAM = 28HBU7HFJG;
				INFOPLIST_FILE = OvertimeTests/Info.plist;
				IPHONEOS_DEPLOYMENT_TARGET = 13.5;
				LD_RUNPATH_SEARCH_PATHS = (
					"$(inherited)",
					"@executable_path/Frameworks",
					"@loader_path/Frameworks",
				);
				PRODUCT_BUNDLE_IDENTIFIER = yuefunglee.OvertimeTests;
				PRODUCT_NAME = "$(TARGET_NAME)";
				SWIFT_VERSION = 5.0;
				TARGETED_DEVICE_FAMILY = "1,2";
				TEST_HOST = "$(BUILT_PRODUCTS_DIR)/Overtime.app/Overtime";
			};
			name = Release;
		};
		0EB7392D2493608100F24E1F /* Debug */ = {
			isa = XCBuildConfiguration;
			buildSettings = {
				ALWAYS_EMBED_SWIFT_STANDARD_LIBRARIES = YES;
				CODE_SIGN_STYLE = Automatic;
				DEVELOPMENT_TEAM = 28HBU7HFJG;
				INFOPLIST_FILE = OvertimeUITests/Info.plist;
				LD_RUNPATH_SEARCH_PATHS = (
					"$(inherited)",
					"@executable_path/Frameworks",
					"@loader_path/Frameworks",
				);
				PRODUCT_BUNDLE_IDENTIFIER = yuefunglee.OvertimeUITests;
				PRODUCT_NAME = "$(TARGET_NAME)";
				SWIFT_VERSION = 5.0;
				TARGETED_DEVICE_FAMILY = "1,2";
				TEST_TARGET_NAME = Overtime;
			};
			name = Debug;
		};
		0EB7392E2493608100F24E1F /* Release */ = {
			isa = XCBuildConfiguration;
			buildSettings = {
				ALWAYS_EMBED_SWIFT_STANDARD_LIBRARIES = YES;
				CODE_SIGN_STYLE = Automatic;
				DEVELOPMENT_TEAM = 28HBU7HFJG;
				INFOPLIST_FILE = OvertimeUITests/Info.plist;
				LD_RUNPATH_SEARCH_PATHS = (
					"$(inherited)",
					"@executable_path/Frameworks",
					"@loader_path/Frameworks",
				);
				PRODUCT_BUNDLE_IDENTIFIER = yuefunglee.OvertimeUITests;
				PRODUCT_NAME = "$(TARGET_NAME)";
				SWIFT_VERSION = 5.0;
				TARGETED_DEVICE_FAMILY = "1,2";
				TEST_TARGET_NAME = Overtime;
			};
			name = Release;
		};
/* End XCBuildConfiguration section */

/* Begin XCConfigurationList section */
		0EB738F52493607F00F24E1F /* Build configuration list for PBXProject "Overtime" */ = {
			isa = XCConfigurationList;
			buildConfigurations = (
				0EB739242493608100F24E1F /* Debug */,
				0EB739252493608100F24E1F /* Release */,
			);
			defaultConfigurationIsVisible = 0;
			defaultConfigurationName = Release;
		};
		0EB739262493608100F24E1F /* Build configuration list for PBXNativeTarget "Overtime" */ = {
			isa = XCConfigurationList;
			buildConfigurations = (
				0EB739272493608100F24E1F /* Debug */,
				0EB739282493608100F24E1F /* Release */,
			);
			defaultConfigurationIsVisible = 0;
			defaultConfigurationName = Release;
		};
		0EB739292493608100F24E1F /* Build configuration list for PBXNativeTarget "OvertimeTests" */ = {
			isa = XCConfigurationList;
			buildConfigurations = (
				0EB7392A2493608100F24E1F /* Debug */,
				0EB7392B2493608100F24E1F /* Release */,
			);
			defaultConfigurationIsVisible = 0;
			defaultConfigurationName = Release;
		};
		0EB7392C2493608100F24E1F /* Build configuration list for PBXNativeTarget "OvertimeUITests" */ = {
			isa = XCConfigurationList;
			buildConfigurations = (
				0EB7392D2493608100F24E1F /* Debug */,
				0EB7392E2493608100F24E1F /* Release */,
			);
			defaultConfigurationIsVisible = 0;
			defaultConfigurationName = Release;
		};
/* End XCConfigurationList section */
	};
	rootObject = 0EB738F22493607F00F24E1F /* Project object */;
}
